
Microsoft Visual Studio Solution File, Format Version 12.00
# Visual Studio 14
VisualStudioVersion = 14.0.25420.1
MinimumVisualStudioVersion = 10.0.40219.1
Project("{FAE04EC0-301F-11D3-BF4B-00C04F79EFBC}") = "Drivr", "Drivr\Drivr\Drivr.csproj", "{2C3637C4-9C9C-40C0-ACAA-05E5AAA37178}"
EndProject
Project("{FAE04EC0-301F-11D3-BF4B-00C04F79EFBC}") = "Drivr.Droid", "Drivr\Drivr.Droid\Drivr.Droid.csproj", "{EE9A2880-9EB3-46A9-A587-92B2738A4B38}"
EndProject
Project("{FAE04EC0-301F-11D3-BF4B-00C04F79EFBC}") = "Drivr.iOS", "Drivr\Drivr.iOS\Drivr.iOS.csproj", "{02AEE8BD-C1E6-4556-A044-33DE785AACBB}"
EndProject
Project("{FAE04EC0-301F-11D3-BF4B-00C04F79EFBC}") = "Drivr.WinPhone", "Drivr\Drivr.WinPhone\Drivr.WinPhone.csproj", "{962D944C-3169-444C-8F72-085A93554FEC}"
EndProject
Project("{FAE04EC0-301F-11D3-BF4B-00C04F79EFBC}") = "Drivr.UWP", "Drivr\Drivr.UWP\Drivr.UWP.csproj", "{B6F7AC80-DD5F-4C6C-AEB9-8ACF3E2EA933}"
EndProject
Project("{FAE04EC0-301F-11D3-BF4B-00C04F79EFBC}") = "Drivr.Windows", "Drivr\Drivr.Windows\Drivr.Windows.csproj", "{FFB50591-D255-4944-A6AE-5D59B03BE35C}"
EndProject
Global
	GlobalSection(SolutionConfigurationPlatforms) = preSolution
		Ad-Hoc|Any CPU = Ad-Hoc|Any CPU
		Ad-Hoc|ARM = Ad-Hoc|ARM
		Ad-Hoc|iPhone = Ad-Hoc|iPhone
		Ad-Hoc|iPhoneSimulator = Ad-Hoc|iPhoneSimulator
		Ad-Hoc|x64 = Ad-Hoc|x64
		Ad-Hoc|x86 = Ad-Hoc|x86
		AppStore|Any CPU = AppStore|Any CPU
		AppStore|ARM = AppStore|ARM
		AppStore|iPhone = AppStore|iPhone
		AppStore|iPhoneSimulator = AppStore|iPhoneSimulator
		AppStore|x64 = AppStore|x64
		AppStore|x86 = AppStore|x86
		Debug|Any CPU = Debug|Any CPU
		Debug|ARM = Debug|ARM
		Debug|iPhone = Debug|iPhone
		Debug|iPhoneSimulator = Debug|iPhoneSimulator
		Debug|x64 = Debug|x64
		Debug|x86 = Debug|x86
		Release|Any CPU = Release|Any CPU
		Release|ARM = Release|ARM
		Release|iPhone = Release|iPhone
		Release|iPhoneSimulator = Release|iPhoneSimulator
		Release|x64 = Release|x64
		Release|x86 = Release|x86
	EndGlobalSection
	GlobalSection(ProjectConfigurationPlatforms) = postSolution
		{2C3637C4-9C9C-40C0-ACAA-05E5AAA37178}.Ad-Hoc|Any CPU.ActiveCfg = Release|Any CPU
		{2C3637C4-9C9C-40C0-ACAA-05E5AAA37178}.Ad-Hoc|Any CPU.Build.0 = Release|Any CPU
		{2C3637C4-9C9C-40C0-ACAA-05E5AAA37178}.Ad-Hoc|ARM.ActiveCfg = Release|Any CPU
		{2C3637C4-9C9C-40C0-ACAA-05E5AAA37178}.Ad-Hoc|ARM.Build.0 = Release|Any CPU
		{2C3637C4-9C9C-40C0-ACAA-05E5AAA37178}.Ad-Hoc|iPhone.ActiveCfg = Release|Any CPU
		{2C3637C4-9C9C-40C0-ACAA-05E5AAA37178}.Ad-Hoc|iPhone.Build.0 = Release|Any CPU
		{2C3637C4-9C9C-40C0-ACAA-05E5AAA37178}.Ad-Hoc|iPhoneSimulator.ActiveCfg = Release|Any CPU
		{2C3637C4-9C9C-40C0-ACAA-05E5AAA37178}.Ad-Hoc|iPhoneSimulator.Build.0 = Release|Any CPU
		{2C3637C4-9C9C-40C0-ACAA-05E5AAA37178}.Ad-Hoc|x64.ActiveCfg = Release|Any CPU
		{2C3637C4-9C9C-40C0-ACAA-05E5AAA37178}.Ad-Hoc|x64.Build.0 = Release|Any CPU
		{2C3637C4-9C9C-40C0-ACAA-05E5AAA37178}.Ad-Hoc|x86.ActiveCfg = Release|Any CPU
		{2C3637C4-9C9C-40C0-ACAA-05E5AAA37178}.Ad-Hoc|x86.Build.0 = Release|Any CPU
		{2C3637C4-9C9C-40C0-ACAA-05E5AAA37178}.AppStore|Any CPU.ActiveCfg = Release|Any CPU
		{2C3637C4-9C9C-40C0-ACAA-05E5AAA37178}.AppStore|Any CPU.Build.0 = Release|Any CPU
		{2C3637C4-9C9C-40C0-ACAA-05E5AAA37178}.AppStore|ARM.ActiveCfg = Release|Any CPU
		{2C3637C4-9C9C-40C0-ACAA-05E5AAA37178}.AppStore|ARM.Build.0 = Release|Any CPU
		{2C3637C4-9C9C-40C0-ACAA-05E5AAA37178}.AppStore|iPhone.ActiveCfg = Release|Any CPU
		{2C3637C4-9C9C-40C0-ACAA-05E5AAA37178}.AppStore|iPhone.Build.0 = Release|Any CPU
		{2C3637C4-9C9C-40C0-ACAA-05E5AAA37178}.AppStore|iPhoneSimulator.ActiveCfg = Release|Any CPU
		{2C3637C4-9C9C-40C0-ACAA-05E5AAA37178}.AppStore|iPhoneSimulator.Build.0 = Release|Any CPU
		{2C3637C4-9C9C-40C0-ACAA-05E5AAA37178}.AppStore|x64.ActiveCfg = Release|Any CPU
		{2C3637C4-9C9C-40C0-ACAA-05E5AAA37178}.AppStore|x64.Build.0 = Release|Any CPU
		{2C3637C4-9C9C-40C0-ACAA-05E5AAA37178}.AppStore|x86.ActiveCfg = Release|Any CPU
		{2C3637C4-9C9C-40C0-ACAA-05E5AAA37178}.AppStore|x86.Build.0 = Release|Any CPU
		{2C3637C4-9C9C-40C0-ACAA-05E5AAA37178}.Debug|Any CPU.ActiveCfg = Debug|Any CPU
		{2C3637C4-9C9C-40C0-ACAA-05E5AAA37178}.Debug|Any CPU.Build.0 = Debug|Any CPU
		{2C3637C4-9C9C-40C0-ACAA-05E5AAA37178}.Debug|ARM.ActiveCfg = Debug|Any CPU
		{2C3637C4-9C9C-40C0-ACAA-05E5AAA37178}.Debug|ARM.Build.0 = Debug|Any CPU
		{2C3637C4-9C9C-40C0-ACAA-05E5AAA37178}.Debug|iPhone.ActiveCfg = Debug|Any CPU
		{2C3637C4-9C9C-40C0-ACAA-05E5AAA37178}.Debug|iPhone.Build.0 = Debug|Any CPU
		{2C3637C4-9C9C-40C0-ACAA-05E5AAA37178}.Debug|iPhoneSimulator.ActiveCfg = Debug|Any CPU
		{2C3637C4-9C9C-40C0-ACAA-05E5AAA37178}.Debug|iPhoneSimulator.Build.0 = Debug|Any CPU
		{2C3637C4-9C9C-40C0-ACAA-05E5AAA37178}.Debug|x64.ActiveCfg = Debug|Any CPU
		{2C3637C4-9C9C-40C0-ACAA-05E5AAA37178}.Debug|x64.Build.0 = Debug|Any CPU
		{2C3637C4-9C9C-40C0-ACAA-05E5AAA37178}.Debug|x86.ActiveCfg = Debug|Any CPU
		{2C3637C4-9C9C-40C0-ACAA-05E5AAA37178}.Debug|x86.Build.0 = Debug|Any CPU
		{2C3637C4-9C9C-40C0-ACAA-05E5AAA37178}.Release|Any CPU.ActiveCfg = Release|Any CPU
		{2C3637C4-9C9C-40C0-ACAA-05E5AAA37178}.Release|Any CPU.Build.0 = Release|Any CPU
		{2C3637C4-9C9C-40C0-ACAA-05E5AAA37178}.Release|ARM.ActiveCfg = Release|Any CPU
		{2C3637C4-9C9C-40C0-ACAA-05E5AAA37178}.Release|ARM.Build.0 = Release|Any CPU
		{2C3637C4-9C9C-40C0-ACAA-05E5AAA37178}.Release|iPhone.ActiveCfg = Release|Any CPU
		{2C3637C4-9C9C-40C0-ACAA-05E5AAA37178}.Release|iPhone.Build.0 = Release|Any CPU
		{2C3637C4-9C9C-40C0-ACAA-05E5AAA37178}.Release|iPhoneSimulator.ActiveCfg = Release|Any CPU
		{2C3637C4-9C9C-40C0-ACAA-05E5AAA37178}.Release|iPhoneSimulator.Build.0 = Release|Any CPU
		{2C3637C4-9C9C-40C0-ACAA-05E5AAA37178}.Release|x64.ActiveCfg = Release|Any CPU
		{2C3637C4-9C9C-40C0-ACAA-05E5AAA37178}.Release|x64.Build.0 = Release|Any CPU
		{2C3637C4-9C9C-40C0-ACAA-05E5AAA37178}.Release|x86.ActiveCfg = Release|Any CPU
		{2C3637C4-9C9C-40C0-ACAA-05E5AAA37178}.Release|x86.Build.0 = Release|Any CPU
		{EE9A2880-9EB3-46A9-A587-92B2738A4B38}.Ad-Hoc|Any CPU.ActiveCfg = Release|Any CPU
		{EE9A2880-9EB3-46A9-A587-92B2738A4B38}.Ad-Hoc|Any CPU.Build.0 = Release|Any CPU
		{EE9A2880-9EB3-46A9-A587-92B2738A4B38}.Ad-Hoc|Any CPU.Deploy.0 = Release|Any CPU
		{EE9A2880-9EB3-46A9-A587-92B2738A4B38}.Ad-Hoc|ARM.ActiveCfg = Release|Any CPU
		{EE9A2880-9EB3-46A9-A587-92B2738A4B38}.Ad-Hoc|ARM.Build.0 = Release|Any CPU
		{EE9A2880-9EB3-46A9-A587-92B2738A4B38}.Ad-Hoc|ARM.Deploy.0 = Release|Any CPU
		{EE9A2880-9EB3-46A9-A587-92B2738A4B38}.Ad-Hoc|iPhone.ActiveCfg = Release|Any CPU
		{EE9A2880-9EB3-46A9-A587-92B2738A4B38}.Ad-Hoc|iPhone.Build.0 = Release|Any CPU
		{EE9A2880-9EB3-46A9-A587-92B2738A4B38}.Ad-Hoc|iPhone.Deploy.0 = Release|Any CPU
		{EE9A2880-9EB3-46A9-A587-92B2738A4B38}.Ad-Hoc|iPhoneSimulator.ActiveCfg = Release|Any CPU
		{EE9A2880-9EB3-46A9-A587-92B2738A4B38}.Ad-Hoc|iPhoneSimulator.Build.0 = Release|Any CPU
		{EE9A2880-9EB3-46A9-A587-92B2738A4B38}.Ad-Hoc|iPhoneSimulator.Deploy.0 = Release|Any CPU
		{EE9A2880-9EB3-46A9-A587-92B2738A4B38}.Ad-Hoc|x64.ActiveCfg = Release|Any CPU
		{EE9A2880-9EB3-46A9-A587-92B2738A4B38}.Ad-Hoc|x64.Build.0 = Release|Any CPU
		{EE9A2880-9EB3-46A9-A587-92B2738A4B38}.Ad-Hoc|x64.Deploy.0 = Release|Any CPU
		{EE9A2880-9EB3-46A9-A587-92B2738A4B38}.Ad-Hoc|x86.ActiveCfg = Release|Any CPU
		{EE9A2880-9EB3-46A9-A587-92B2738A4B38}.Ad-Hoc|x86.Build.0 = Release|Any CPU
		{EE9A2880-9EB3-46A9-A587-92B2738A4B38}.Ad-Hoc|x86.Deploy.0 = Release|Any CPU
		{EE9A2880-9EB3-46A9-A587-92B2738A4B38}.AppStore|Any CPU.ActiveCfg = Release|Any CPU
		{EE9A2880-9EB3-46A9-A587-92B2738A4B38}.AppStore|Any CPU.Build.0 = Release|Any CPU
		{EE9A2880-9EB3-46A9-A587-92B2738A4B38}.AppStore|Any CPU.Deploy.0 = Release|Any CPU
		{EE9A2880-9EB3-46A9-A587-92B2738A4B38}.AppStore|ARM.ActiveCfg = Release|Any CPU
		{EE9A2880-9EB3-46A9-A587-92B2738A4B38}.AppStore|ARM.Build.0 = Release|Any CPU
		{EE9A2880-9EB3-46A9-A587-92B2738A4B38}.AppStore|ARM.Deploy.0 = Release|Any CPU
		{EE9A2880-9EB3-46A9-A587-92B2738A4B38}.AppStore|iPhone.ActiveCfg = Release|Any CPU
		{EE9A2880-9EB3-46A9-A587-92B2738A4B38}.AppStore|iPhone.Build.0 = Release|Any CPU
		{EE9A2880-9EB3-46A9-A587-92B2738A4B38}.AppStore|iPhone.Deploy.0 = Release|Any CPU
		{EE9A2880-9EB3-46A9-A587-92B2738A4B38}.AppStore|iPhoneSimulator.ActiveCfg = Release|Any CPU
		{EE9A2880-9EB3-46A9-A587-92B2738A4B38}.AppStore|iPhoneSimulator.Build.0 = Release|Any CPU
		{EE9A2880-9EB3-46A9-A587-92B2738A4B38}.AppStore|iPhoneSimulator.Deploy.0 = Release|Any CPU
		{EE9A2880-9EB3-46A9-A587-92B2738A4B38}.AppStore|x64.ActiveCfg = Release|Any CPU
		{EE9A2880-9EB3-46A9-A587-92B2738A4B38}.AppStore|x64.Build.0 = Release|Any CPU
		{EE9A2880-9EB3-46A9-A587-92B2738A4B38}.AppStore|x64.Deploy.0 = Release|Any CPU
		{EE9A2880-9EB3-46A9-A587-92B2738A4B38}.AppStore|x86.ActiveCfg = Release|Any CPU
		{EE9A2880-9EB3-46A9-A587-92B2738A4B38}.AppStore|x86.Build.0 = Release|Any CPU
		{EE9A2880-9EB3-46A9-A587-92B2738A4B38}.AppStore|x86.Deploy.0 = Release|Any CPU
		{EE9A2880-9EB3-46A9-A587-92B2738A4B38}.Debug|Any CPU.ActiveCfg = Debug|Any CPU
		{EE9A2880-9EB3-46A9-A587-92B2738A4B38}.Debug|Any CPU.Build.0 = Debug|Any CPU
		{EE9A2880-9EB3-46A9-A587-92B2738A4B38}.Debug|Any CPU.Deploy.0 = Debug|Any CPU
		{EE9A2880-9EB3-46A9-A587-92B2738A4B38}.Debug|ARM.ActiveCfg = Debug|Any CPU
		{EE9A2880-9EB3-46A9-A587-92B2738A4B38}.Debug|ARM.Build.0 = Debug|Any CPU
		{EE9A2880-9EB3-46A9-A587-92B2738A4B38}.Debug|ARM.Deploy.0 = Debug|Any CPU
		{EE9A2880-9EB3-46A9-A587-92B2738A4B38}.Debug|iPhone.ActiveCfg = Debug|Any CPU
		{EE9A2880-9EB3-46A9-A587-92B2738A4B38}.Debug|iPhone.Build.0 = Debug|Any CPU
		{EE9A2880-9EB3-46A9-A587-92B2738A4B38}.Debug|iPhone.Deploy.0 = Debug|Any CPU
		{EE9A2880-9EB3-46A9-A587-92B2738A4B38}.Debug|iPhoneSimulator.ActiveCfg = Debug|Any CPU
		{EE9A2880-9EB3-46A9-A587-92B2738A4B38}.Debug|iPhoneSimulator.Build.0 = Debug|Any CPU
		{EE9A2880-9EB3-46A9-A587-92B2738A4B38}.Debug|iPhoneSimulator.Deploy.0 = Debug|Any CPU
		{EE9A2880-9EB3-46A9-A587-92B2738A4B38}.Debug|x64.ActiveCfg = Debug|Any CPU
		{EE9A2880-9EB3-46A9-A587-92B2738A4B38}.Debug|x64.Build.0 = Debug|Any CPU
		{EE9A2880-9EB3-46A9-A587-92B2738A4B38}.Debug|x64.Deploy.0 = Debug|Any CPU
		{EE9A2880-9EB3-46A9-A587-92B2738A4B38}.Debug|x86.ActiveCfg = Debug|Any CPU
		{EE9A2880-9EB3-46A9-A587-92B2738A4B38}.Debug|x86.Build.0 = Debug|Any CPU
		{EE9A2880-9EB3-46A9-A587-92B2738A4B38}.Debug|x86.Deploy.0 = Debug|Any CPU
		{EE9A2880-9EB3-46A9-A587-92B2738A4B38}.Release|Any CPU.ActiveCfg = Release|Any CPU
		{EE9A2880-9EB3-46A9-A587-92B2738A4B38}.Release|Any CPU.Build.0 = Release|Any CPU
		{EE9A2880-9EB3-46A9-A587-92B2738A4B38}.Release|Any CPU.Deploy.0 = Release|Any CPU
		{EE9A2880-9EB3-46A9-A587-92B2738A4B38}.Release|ARM.ActiveCfg = Release|Any CPU
		{EE9A2880-9EB3-46A9-A587-92B2738A4B38}.Release|ARM.Build.0 = Release|Any CPU
		{EE9A2880-9EB3-46A9-A587-92B2738A4B38}.Release|ARM.Deploy.0 = Release|Any CPU
		{EE9A2880-9EB3-46A9-A587-92B2738A4B38}.Release|iPhone.ActiveCfg = Release|Any CPU
		{EE9A2880-9EB3-46A9-A587-92B2738A4B38}.Release|iPhone.Build.0 = Release|Any CPU
		{EE9A2880-9EB3-46A9-A587-92B2738A4B38}.Release|iPhone.Deploy.0 = Release|Any CPU
		{EE9A2880-9EB3-46A9-A587-92B2738A4B38}.Release|iPhoneSimulator.ActiveCfg = Release|Any CPU
		{EE9A2880-9EB3-46A9-A587-92B2738A4B38}.Release|iPhoneSimulator.Build.0 = Release|Any CPU
		{EE9A2880-9EB3-46A9-A587-92B2738A4B38}.Release|iPhoneSimulator.Deploy.0 = Release|Any CPU
		{EE9A2880-9EB3-46A9-A587-92B2738A4B38}.Release|x64.ActiveCfg = Release|Any CPU
		{EE9A2880-9EB3-46A9-A587-92B2738A4B38}.Release|x64.Build.0 = Release|Any CPU
		{EE9A2880-9EB3-46A9-A587-92B2738A4B38}.Release|x64.Deploy.0 = Release|Any CPU
		{EE9A2880-9EB3-46A9-A587-92B2738A4B38}.Release|x86.ActiveCfg = Release|Any CPU
		{EE9A2880-9EB3-46A9-A587-92B2738A4B38}.Release|x86.Build.0 = Release|Any CPU
		{EE9A2880-9EB3-46A9-A587-92B2738A4B38}.Release|x86.Deploy.0 = Release|Any CPU
		{02AEE8BD-C1E6-4556-A044-33DE785AACBB}.Ad-Hoc|Any CPU.ActiveCfg = Ad-Hoc|iPhone
		{02AEE8BD-C1E6-4556-A044-33DE785AACBB}.Ad-Hoc|ARM.ActiveCfg = Ad-Hoc|iPhone
		{02AEE8BD-C1E6-4556-A044-33DE785AACBB}.Ad-Hoc|iPhone.ActiveCfg = Ad-Hoc|iPhone
		{02AEE8BD-C1E6-4556-A044-33DE785AACBB}.Ad-Hoc|iPhone.Build.0 = Ad-Hoc|iPhone
		{02AEE8BD-C1E6-4556-A044-33DE785AACBB}.Ad-Hoc|iPhoneSimulator.ActiveCfg = Ad-Hoc|iPhoneSimulator
		{02AEE8BD-C1E6-4556-A044-33DE785AACBB}.Ad-Hoc|iPhoneSimulator.Build.0 = Ad-Hoc|iPhoneSimulator
		{02AEE8BD-C1E6-4556-A044-33DE785AACBB}.Ad-Hoc|x64.ActiveCfg = Ad-Hoc|iPhone
		{02AEE8BD-C1E6-4556-A044-33DE785AACBB}.Ad-Hoc|x86.ActiveCfg = Ad-Hoc|iPhone
		{02AEE8BD-C1E6-4556-A044-33DE785AACBB}.AppStore|Any CPU.ActiveCfg = AppStore|iPhone
		{02AEE8BD-C1E6-4556-A044-33DE785AACBB}.AppStore|ARM.ActiveCfg = AppStore|iPhone
		{02AEE8BD-C1E6-4556-A044-33DE785AACBB}.AppStore|iPhone.ActiveCfg = AppStore|iPhone
		{02AEE8BD-C1E6-4556-A044-33DE785AACBB}.AppStore|iPhone.Build.0 = AppStore|iPhone
		{02AEE8BD-C1E6-4556-A044-33DE785AACBB}.AppStore|iPhoneSimulator.ActiveCfg = AppStore|iPhoneSimulator
		{02AEE8BD-C1E6-4556-A044-33DE785AACBB}.AppStore|iPhoneSimulator.Build.0 = AppStore|iPhoneSimulator
		{02AEE8BD-C1E6-4556-A044-33DE785AACBB}.AppStore|x64.ActiveCfg = AppStore|iPhone
		{02AEE8BD-C1E6-4556-A044-33DE785AACBB}.AppStore|x86.ActiveCfg = AppStore|iPhone
		{02AEE8BD-C1E6-4556-A044-33DE785AACBB}.Debug|Any CPU.ActiveCfg = Debug|iPhone
		{02AEE8BD-C1E6-4556-A044-33DE785AACBB}.Debug|ARM.ActiveCfg = Debug|iPhone
		{02AEE8BD-C1E6-4556-A044-33DE785AACBB}.Debug|iPhone.ActiveCfg = Debug|iPhone
		{02AEE8BD-C1E6-4556-A044-33DE785AACBB}.Debug|iPhone.Build.0 = Debug|iPhone
		{02AEE8BD-C1E6-4556-A044-33DE785AACBB}.Debug|iPhoneSimulator.ActiveCfg = Debug|iPhoneSimulator
		{02AEE8BD-C1E6-4556-A044-33DE785AACBB}.Debug|iPhoneSimulator.Build.0 = Debug|iPhoneSimulator
		{02AEE8BD-C1E6-4556-A044-33DE785AACBB}.Debug|x64.ActiveCfg = Debug|iPhone
		{02AEE8BD-C1E6-4556-A044-33DE785AACBB}.Debug|x86.ActiveCfg = Debug|iPhone
		{02AEE8BD-C1E6-4556-A044-33DE785AACBB}.Release|Any CPU.ActiveCfg = Release|iPhone
		{02AEE8BD-C1E6-4556-A044-33DE785AACBB}.Release|ARM.ActiveCfg = Release|iPhone
		{02AEE8BD-C1E6-4556-A044-33DE785AACBB}.Release|iPhone.ActiveCfg = Release|iPhone
		{02AEE8BD-C1E6-4556-A044-33DE785AACBB}.Release|iPhone.Build.0 = Release|iPhone
		{02AEE8BD-C1E6-4556-A044-33DE785AACBB}.Release|iPhoneSimulator.ActiveCfg = Release|iPhoneSimulator
		{02AEE8BD-C1E6-4556-A044-33DE785AACBB}.Release|iPhoneSimulator.Build.0 = Release|iPhoneSimulator
		{02AEE8BD-C1E6-4556-A044-33DE785AACBB}.Release|x64.ActiveCfg = Release|iPhone
		{02AEE8BD-C1E6-4556-A044-33DE785AACBB}.Release|x86.ActiveCfg = Release|iPhone
		{962D944C-3169-444C-8F72-085A93554FEC}.Ad-Hoc|Any CPU.ActiveCfg = Release|Any CPU
		{962D944C-3169-444C-8F72-085A93554FEC}.Ad-Hoc|Any CPU.Build.0 = Release|Any CPU
		{962D944C-3169-444C-8F72-085A93554FEC}.Ad-Hoc|Any CPU.Deploy.0 = Release|Any CPU
		{962D944C-3169-444C-8F72-085A93554FEC}.Ad-Hoc|ARM.ActiveCfg = Release|ARM
		{962D944C-3169-444C-8F72-085A93554FEC}.Ad-Hoc|ARM.Build.0 = Release|ARM
		{962D944C-3169-444C-8F72-085A93554FEC}.Ad-Hoc|ARM.Deploy.0 = Release|ARM
		{962D944C-3169-444C-8F72-085A93554FEC}.Ad-Hoc|iPhone.ActiveCfg = Release|Any CPU
		{962D944C-3169-444C-8F72-085A93554FEC}.Ad-Hoc|iPhone.Build.0 = Release|Any CPU
		{962D944C-3169-444C-8F72-085A93554FEC}.Ad-Hoc|iPhone.Deploy.0 = Release|Any CPU
		{962D944C-3169-444C-8F72-085A93554FEC}.Ad-Hoc|iPhoneSimulator.ActiveCfg = Release|Any CPU
		{962D944C-3169-444C-8F72-085A93554FEC}.Ad-Hoc|iPhoneSimulator.Build.0 = Release|Any CPU
		{962D944C-3169-444C-8F72-085A93554FEC}.Ad-Hoc|iPhoneSimulator.Deploy.0 = Release|Any CPU
		{962D944C-3169-444C-8F72-085A93554FEC}.Ad-Hoc|x64.ActiveCfg = Release|Any CPU
		{962D944C-3169-444C-8F72-085A93554FEC}.Ad-Hoc|x64.Build.0 = Release|Any CPU
		{962D944C-3169-444C-8F72-085A93554FEC}.Ad-Hoc|x64.Deploy.0 = Release|Any CPU
		{962D944C-3169-444C-8F72-085A93554FEC}.Ad-Hoc|x86.ActiveCfg = Release|x86
		{962D944C-3169-444C-8F72-085A93554FEC}.Ad-Hoc|x86.Build.0 = Release|x86
		{962D944C-3169-444C-8F72-085A93554FEC}.Ad-Hoc|x86.Deploy.0 = Release|x86
		{962D944C-3169-444C-8F72-085A93554FEC}.AppStore|Any CPU.ActiveCfg = Release|Any CPU
		{962D944C-3169-444C-8F72-085A93554FEC}.AppStore|Any CPU.Build.0 = Release|Any CPU
		{962D944C-3169-444C-8F72-085A93554FEC}.AppStore|Any CPU.Deploy.0 = Release|Any CPU
		{962D944C-3169-444C-8F72-085A93554FEC}.AppStore|ARM.ActiveCfg = Release|ARM
		{962D944C-3169-444C-8F72-085A93554FEC}.AppStore|ARM.Build.0 = Release|ARM
		{962D944C-3169-444C-8F72-085A93554FEC}.AppStore|ARM.Deploy.0 = Release|ARM
		{962D944C-3169-444C-8F72-085A93554FEC}.AppStore|iPhone.ActiveCfg = Release|Any CPU
		{962D944C-3169-444C-8F72-085A93554FEC}.AppStore|iPhone.Build.0 = Release|Any CPU
		{962D944C-3169-444C-8F72-085A93554FEC}.AppStore|iPhone.Deploy.0 = Release|Any CPU
		{962D944C-3169-444C-8F72-085A93554FEC}.AppStore|iPhoneSimulator.ActiveCfg = Release|Any CPU
		{962D944C-3169-444C-8F72-085A93554FEC}.AppStore|iPhoneSimulator.Build.0 = Release|Any CPU
		{962D944C-3169-444C-8F72-085A93554FEC}.AppStore|iPhoneSimulator.Deploy.0 = Release|Any CPU
		{962D944C-3169-444C-8F72-085A93554FEC}.AppStore|x64.ActiveCfg = Release|Any CPU
		{962D944C-3169-444C-8F72-085A93554FEC}.AppStore|x64.Build.0 = Release|Any CPU
		{962D944C-3169-444C-8F72-085A93554FEC}.AppStore|x64.Deploy.0 = Release|Any CPU
		{962D944C-3169-444C-8F72-085A93554FEC}.AppStore|x86.ActiveCfg = Release|x86
		{962D944C-3169-444C-8F72-085A93554FEC}.AppStore|x86.Build.0 = Release|x86
		{962D944C-3169-444C-8F72-085A93554FEC}.AppStore|x86.Deploy.0 = Release|x86
		{962D944C-3169-444C-8F72-085A93554FEC}.Debug|Any CPU.ActiveCfg = Debug|Any CPU
		{962D944C-3169-444C-8F72-085A93554FEC}.Debug|Any CPU.Build.0 = Debug|Any CPU
		{962D944C-3169-444C-8F72-085A93554FEC}.Debug|Any CPU.Deploy.0 = Debug|Any CPU
		{962D944C-3169-444C-8F72-085A93554FEC}.Debug|ARM.ActiveCfg = Debug|ARM
		{962D944C-3169-444C-8F72-085A93554FEC}.Debug|ARM.Build.0 = Debug|ARM
		{962D944C-3169-444C-8F72-085A93554FEC}.Debug|ARM.Deploy.0 = Debug|ARM
		{962D944C-3169-444C-8F72-085A93554FEC}.Debug|iPhone.ActiveCfg = Debug|Any CPU
		{962D944C-3169-444C-8F72-085A93554FEC}.Debug|iPhone.Build.0 = Debug|Any CPU
		{962D944C-3169-444C-8F72-085A93554FEC}.Debug|iPhone.Deploy.0 = Debug|Any CPU
		{962D944C-3169-444C-8F72-085A93554FEC}.Debug|iPhoneSimulator.ActiveCfg = Debug|Any CPU
		{962D944C-3169-444C-8F72-085A93554FEC}.Debug|iPhoneSimulator.Build.0 = Debug|Any CPU
		{962D944C-3169-444C-8F72-085A93554FEC}.Debug|iPhoneSimulator.Deploy.0 = Debug|Any CPU
		{962D944C-3169-444C-8F72-085A93554FEC}.Debug|x64.ActiveCfg = Debug|Any CPU
		{962D944C-3169-444C-8F72-085A93554FEC}.Debug|x64.Build.0 = Debug|Any CPU
		{962D944C-3169-444C-8F72-085A93554FEC}.Debug|x64.Deploy.0 = Debug|Any CPU
		{962D944C-3169-444C-8F72-085A93554FEC}.Debug|x86.ActiveCfg = Debug|x86
		{962D944C-3169-444C-8F72-085A93554FEC}.Debug|x86.Build.0 = Debug|x86
		{962D944C-3169-444C-8F72-085A93554FEC}.Debug|x86.Deploy.0 = Debug|x86
		{962D944C-3169-444C-8F72-085A93554FEC}.Release|Any CPU.ActiveCfg = Release|Any CPU
		{962D944C-3169-444C-8F72-085A93554FEC}.Release|Any CPU.Build.0 = Release|Any CPU
		{962D944C-3169-444C-8F72-085A93554FEC}.Release|Any CPU.Deploy.0 = Release|Any CPU
		{962D944C-3169-444C-8F72-085A93554FEC}.Release|ARM.ActiveCfg = Release|ARM
		{962D944C-3169-444C-8F72-085A93554FEC}.Release|ARM.Build.0 = Release|ARM
		{962D944C-3169-444C-8F72-085A93554FEC}.Release|ARM.Deploy.0 = Release|ARM
		{962D944C-3169-444C-8F72-085A93554FEC}.Release|iPhone.ActiveCfg = Release|Any CPU
		{962D944C-3169-444C-8F72-085A93554FEC}.Release|iPhone.Build.0 = Release|Any CPU
		{962D944C-3169-444C-8F72-085A93554FEC}.Release|iPhone.Deploy.0 = Release|Any CPU
		{962D944C-3169-444C-8F72-085A93554FEC}.Release|iPhoneSimulator.ActiveCfg = Release|Any CPU
		{962D944C-3169-444C-8F72-085A93554FEC}.Release|iPhoneSimulator.Build.0 = Release|Any CPU
		{962D944C-3169-444C-8F72-085A93554FEC}.Release|iPhoneSimulator.Deploy.0 = Release|Any CPU
		{962D944C-3169-444C-8F72-085A93554FEC}.Release|x64.ActiveCfg = Release|Any CPU
		{962D944C-3169-444C-8F72-085A93554FEC}.Release|x64.Build.0 = Release|Any CPU
		{962D944C-3169-444C-8F72-085A93554FEC}.Release|x64.Deploy.0 = Release|Any CPU
		{962D944C-3169-444C-8F72-085A93554FEC}.Release|x86.ActiveCfg = Release|x86
		{962D944C-3169-444C-8F72-085A93554FEC}.Release|x86.Build.0 = Release|x86
		{962D944C-3169-444C-8F72-085A93554FEC}.Release|x86.Deploy.0 = Release|x86
		{B6F7AC80-DD5F-4C6C-AEB9-8ACF3E2EA933}.Ad-Hoc|Any CPU.ActiveCfg = Release|x86
		{B6F7AC80-DD5F-4C6C-AEB9-8ACF3E2EA933}.Ad-Hoc|Any CPU.Build.0 = Release|x86
		{B6F7AC80-DD5F-4C6C-AEB9-8ACF3E2EA933}.Ad-Hoc|Any CPU.Deploy.0 = Release|x86
		{B6F7AC80-DD5F-4C6C-AEB9-8ACF3E2EA933}.Ad-Hoc|ARM.ActiveCfg = Release|ARM
		{B6F7AC80-DD5F-4C6C-AEB9-8ACF3E2EA933}.Ad-Hoc|ARM.Build.0 = Release|ARM
		{B6F7AC80-DD5F-4C6C-AEB9-8ACF3E2EA933}.Ad-Hoc|ARM.Deploy.0 = Release|ARM
		{B6F7AC80-DD5F-4C6C-AEB9-8ACF3E2EA933}.Ad-Hoc|iPhone.ActiveCfg = Release|x86
		{B6F7AC80-DD5F-4C6C-AEB9-8ACF3E2EA933}.Ad-Hoc|iPhone.Build.0 = Release|x86
		{B6F7AC80-DD5F-4C6C-AEB9-8ACF3E2EA933}.Ad-Hoc|iPhone.Deploy.0 = Release|x86
		{B6F7AC80-DD5F-4C6C-AEB9-8ACF3E2EA933}.Ad-Hoc|iPhoneSimulator.ActiveCfg = Release|x86
		{B6F7AC80-DD5F-4C6C-AEB9-8ACF3E2EA933}.Ad-Hoc|iPhoneSimulator.Build.0 = Release|x86
		{B6F7AC80-DD5F-4C6C-AEB9-8ACF3E2EA933}.Ad-Hoc|iPhoneSimulator.Deploy.0 = Release|x86
		{B6F7AC80-DD5F-4C6C-AEB9-8ACF3E2EA933}.Ad-Hoc|x64.ActiveCfg = Release|x64
		{B6F7AC80-DD5F-4C6C-AEB9-8ACF3E2EA933}.Ad-Hoc|x64.Build.0 = Release|x64
		{B6F7AC80-DD5F-4C6C-AEB9-8ACF3E2EA933}.Ad-Hoc|x64.Deploy.0 = Release|x64
		{B6F7AC80-DD5F-4C6C-AEB9-8ACF3E2EA933}.Ad-Hoc|x86.ActiveCfg = Release|x86
		{B6F7AC80-DD5F-4C6C-AEB9-8ACF3E2EA933}.Ad-Hoc|x86.Build.0 = Release|x86
		{B6F7AC80-DD5F-4C6C-AEB9-8ACF3E2EA933}.Ad-Hoc|x86.Deploy.0 = Release|x86
		{B6F7AC80-DD5F-4C6C-AEB9-8ACF3E2EA933}.AppStore|Any CPU.ActiveCfg = Release|x86
		{B6F7AC80-DD5F-4C6C-AEB9-8ACF3E2EA933}.AppStore|Any CPU.Build.0 = Release|x86
		{B6F7AC80-DD5F-4C6C-AEB9-8ACF3E2EA933}.AppStore|Any CPU.Deploy.0 = Release|x86
		{B6F7AC80-DD5F-4C6C-AEB9-8ACF3E2EA933}.AppStore|ARM.ActiveCfg = Release|ARM
		{B6F7AC80-DD5F-4C6C-AEB9-8ACF3E2EA933}.AppStore|ARM.Build.0 = Release|ARM
		{B6F7AC80-DD5F-4C6C-AEB9-8ACF3E2EA933}.AppStore|ARM.Deploy.0 = Release|ARM
		{B6F7AC80-DD5F-4C6C-AEB9-8ACF3E2EA933}.AppStore|iPhone.ActiveCfg = Release|x86
		{B6F7AC80-DD5F-4C6C-AEB9-8ACF3E2EA933}.AppStore|iPhone.Build.0 = Release|x86
		{B6F7AC80-DD5F-4C6C-AEB9-8ACF3E2EA933}.AppStore|iPhone.Deploy.0 = Release|x86
		{B6F7AC80-DD5F-4C6C-AEB9-8ACF3E2EA933}.AppStore|iPhoneSimulator.ActiveCfg = Release|x86
		{B6F7AC80-DD5F-4C6C-AEB9-8ACF3E2EA933}.AppStore|iPhoneSimulator.Build.0 = Release|x86
		{B6F7AC80-DD5F-4C6C-AEB9-8ACF3E2EA933}.AppStore|iPhoneSimulator.Deploy.0 = Release|x86
		{B6F7AC80-DD5F-4C6C-AEB9-8ACF3E2EA933}.AppStore|x64.ActiveCfg = Release|x64
		{B6F7AC80-DD5F-4C6C-AEB9-8ACF3E2EA933}.AppStore|x64.Build.0 = Release|x64
		{B6F7AC80-DD5F-4C6C-AEB9-8ACF3E2EA933}.AppStore|x64.Deploy.0 = Release|x64
		{B6F7AC80-DD5F-4C6C-AEB9-8ACF3E2EA933}.AppStore|x86.ActiveCfg = Release|x86
		{B6F7AC80-DD5F-4C6C-AEB9-8ACF3E2EA933}.AppStore|x86.Build.0 = Release|x86
		{B6F7AC80-DD5F-4C6C-AEB9-8ACF3E2EA933}.AppStore|x86.Deploy.0 = Release|x86
		{B6F7AC80-DD5F-4C6C-AEB9-8ACF3E2EA933}.Debug|Any CPU.ActiveCfg = Debug|x86
		{B6F7AC80-DD5F-4C6C-AEB9-8ACF3E2EA933}.Debug|ARM.ActiveCfg = Debug|ARM
		{B6F7AC80-DD5F-4C6C-AEB9-8ACF3E2EA933}.Debug|ARM.Build.0 = Debug|ARM
		{B6F7AC80-DD5F-4C6C-AEB9-8ACF3E2EA933}.Debug|ARM.Deploy.0 = Debug|ARM
		{B6F7AC80-DD5F-4C6C-AEB9-8ACF3E2EA933}.Debug|iPhone.ActiveCfg = Debug|x86
		{B6F7AC80-DD5F-4C6C-AEB9-8ACF3E2EA933}.Debug|iPhoneSimulator.ActiveCfg = Debug|x86
		{B6F7AC80-DD5F-4C6C-AEB9-8ACF3E2EA933}.Debug|x64.ActiveCfg = Debug|x64
		{B6F7AC80-DD5F-4C6C-AEB9-8ACF3E2EA933}.Debug|x64.Build.0 = Debug|x64
		{B6F7AC80-DD5F-4C6C-AEB9-8ACF3E2EA933}.Debug|x64.Deploy.0 = Debug|x64
		{B6F7AC80-DD5F-4C6C-AEB9-8ACF3E2EA933}.Debug|x86.ActiveCfg = Debug|x86
		{B6F7AC80-DD5F-4C6C-AEB9-8ACF3E2EA933}.Debug|x86.Build.0 = Debug|x86
		{B6F7AC80-DD5F-4C6C-AEB9-8ACF3E2EA933}.Debug|x86.Deploy.0 = Debug|x86
		{B6F7AC80-DD5F-4C6C-AEB9-8ACF3E2EA933}.Release|Any CPU.ActiveCfg = Release|x86
		{B6F7AC80-DD5F-4C6C-AEB9-8ACF3E2EA933}.Release|ARM.ActiveCfg = Release|ARM
		{B6F7AC80-DD5F-4C6C-AEB9-8ACF3E2EA933}.Release|ARM.Build.0 = Release|ARM
		{B6F7AC80-DD5F-4C6C-AEB9-8ACF3E2EA933}.Release|ARM.Deploy.0 = Release|ARM
		{B6F7AC80-DD5F-4C6C-AEB9-8ACF3E2EA933}.Release|iPhone.ActiveCfg = Release|x86
		{B6F7AC80-DD5F-4C6C-AEB9-8ACF3E2EA933}.Release|iPhoneSimulator.ActiveCfg = Release|x86
		{B6F7AC80-DD5F-4C6C-AEB9-8ACF3E2EA933}.Release|x64.ActiveCfg = Release|x64
		{B6F7AC80-DD5F-4C6C-AEB9-8ACF3E2EA933}.Release|x64.Build.0 = Release|x64
		{B6F7AC80-DD5F-4C6C-AEB9-8ACF3E2EA933}.Release|x64.Deploy.0 = Release|x64
		{B6F7AC80-DD5F-4C6C-AEB9-8ACF3E2EA933}.Release|x86.ActiveCfg = Release|x86
		{B6F7AC80-DD5F-4C6C-AEB9-8ACF3E2EA933}.Release|x86.Build.0 = Release|x86
		{B6F7AC80-DD5F-4C6C-AEB9-8ACF3E2EA933}.Release|x86.Deploy.0 = Release|x86
		{FFB50591-D255-4944-A6AE-5D59B03BE35C}.Ad-Hoc|Any CPU.ActiveCfg = Release|Any CPU
		{FFB50591-D255-4944-A6AE-5D59B03BE35C}.Ad-Hoc|Any CPU.Build.0 = Release|Any CPU
		{FFB50591-D255-4944-A6AE-5D59B03BE35C}.Ad-Hoc|Any CPU.Deploy.0 = Release|Any CPU
		{FFB50591-D255-4944-A6AE-5D59B03BE35C}.Ad-Hoc|ARM.ActiveCfg = Release|ARM
		{FFB50591-D255-4944-A6AE-5D59B03BE35C}.Ad-Hoc|ARM.Build.0 = Release|ARM
		{FFB50591-D255-4944-A6AE-5D59B03BE35C}.Ad-Hoc|ARM.Deploy.0 = Release|ARM
		{FFB50591-D255-4944-A6AE-5D59B03BE35C}.Ad-Hoc|iPhone.ActiveCfg = Release|Any CPU
		{FFB50591-D255-4944-A6AE-5D59B03BE35C}.Ad-Hoc|iPhone.Build.0 = Release|Any CPU
		{FFB50591-D255-4944-A6AE-5D59B03BE35C}.Ad-Hoc|iPhone.Deploy.0 = Release|Any CPU
		{FFB50591-D255-4944-A6AE-5D59B03BE35C}.Ad-Hoc|iPhoneSimulator.ActiveCfg = Release|Any CPU
		{FFB50591-D255-4944-A6AE-5D59B03BE35C}.Ad-Hoc|iPhoneSimulator.Build.0 = Release|Any CPU
		{FFB50591-D255-4944-A6AE-5D59B03BE35C}.Ad-Hoc|iPhoneSimulator.Deploy.0 = Release|Any CPU
		{FFB50591-D255-4944-A6AE-5D59B03BE35C}.Ad-Hoc|x64.ActiveCfg = Release|x64
		{FFB50591-D255-4944-A6AE-5D59B03BE35C}.Ad-Hoc|x64.Build.0 = Release|x64
		{FFB50591-D255-4944-A6AE-5D59B03BE35C}.Ad-Hoc|x64.Deploy.0 = Release|x64
		{FFB50591-D255-4944-A6AE-5D59B03BE35C}.Ad-Hoc|x86.ActiveCfg = Release|x86
		{FFB50591-D255-4944-A6AE-5D59B03BE35C}.Ad-Hoc|x86.Build.0 = Release|x86
		{FFB50591-D255-4944-A6AE-5D59B03BE35C}.Ad-Hoc|x86.Deploy.0 = Release|x86
		{FFB50591-D255-4944-A6AE-5D59B03BE35C}.AppStore|Any CPU.ActiveCfg = Release|Any CPU
		{FFB50591-D255-4944-A6AE-5D59B03BE35C}.AppStore|Any CPU.Build.0 = Release|Any CPU
		{FFB50591-D255-4944-A6AE-5D59B03BE35C}.AppStore|Any CPU.Deploy.0 = Release|Any CPU
		{FFB50591-D255-4944-A6AE-5D59B03BE35C}.AppStore|ARM.ActiveCfg = Release|ARM
		{FFB50591-D255-4944-A6AE-5D59B03BE35C}.AppStore|ARM.Build.0 = Release|ARM
		{FFB50591-D255-4944-A6AE-5D59B03BE35C}.AppStore|ARM.Deploy.0 = Release|ARM
		{FFB50591-D255-4944-A6AE-5D59B03BE35C}.AppStore|iPhone.ActiveCfg = Release|Any CPU
		{FFB50591-D255-4944-A6AE-5D59B03BE35C}.AppStore|iPhone.Build.0 = Release|Any CPU
		{FFB50591-D255-4944-A6AE-5D59B03BE35C}.AppStore|iPhone.Deploy.0 = Release|Any CPU
		{FFB50591-D255-4944-A6AE-5D59B03BE35C}.AppStore|iPhoneSimulator.ActiveCfg = Release|Any CPU
		{FFB50591-D255-4944-A6AE-5D59B03BE35C}.AppStore|iPhoneSimulator.Build.0 = Release|Any CPU
		{FFB50591-D255-4944-A6AE-5D59B03BE35C}.AppStore|iPhoneSimulator.Deploy.0 = Release|Any CPU
		{FFB50591-D255-4944-A6AE-5D59B03BE35C}.AppStore|x64.ActiveCfg = Release|x64
		{FFB50591-D255-4944-A6AE-5D59B03BE35C}.AppStore|x64.Build.0 = Release|x64
		{FFB50591-D255-4944-A6AE-5D59B03BE35C}.AppStore|x64.Deploy.0 = Release|x64
		{FFB50591-D255-4944-A6AE-5D59B03BE35C}.AppStore|x86.ActiveCfg = Release|x86
		{FFB50591-D255-4944-A6AE-5D59B03BE35C}.AppStore|x86.Build.0 = Release|x86
		{FFB50591-D255-4944-A6AE-5D59B03BE35C}.AppStore|x86.Deploy.0 = Release|x86
		{FFB50591-D255-4944-A6AE-5D59B03BE35C}.Debug|Any CPU.ActiveCfg = Debug|Any CPU
		{FFB50591-D255-4944-A6AE-5D59B03BE35C}.Debug|Any CPU.Build.0 = Debug|Any CPU
		{FFB50591-D255-4944-A6AE-5D59B03BE35C}.Debug|Any CPU.Deploy.0 = Debug|Any CPU
		{FFB50591-D255-4944-A6AE-5D59B03BE35C}.Debug|ARM.ActiveCfg = Debug|ARM
		{FFB50591-D255-4944-A6AE-5D59B03BE35C}.Debug|ARM.Build.0 = Debug|ARM
		{FFB50591-D255-4944-A6AE-5D59B03BE35C}.Debug|ARM.Deploy.0 = Debug|ARM
		{FFB50591-D255-4944-A6AE-5D59B03BE35C}.Debug|iPhone.ActiveCfg = Debug|Any CPU
		{FFB50591-D255-4944-A6AE-5D59B03BE35C}.Debug|iPhone.Build.0 = Debug|Any CPU
		{FFB50591-D255-4944-A6AE-5D59B03BE35C}.Debug|iPhone.Deploy.0 = Debug|Any CPU
		{FFB50591-D255-4944-A6AE-5D59B03BE35C}.Debug|iPhoneSimulator.ActiveCfg = Debug|Any CPU
		{FFB50591-D255-4944-A6AE-5D59B03BE35C}.Debug|iPhoneSimulator.Build.0 = Debug|Any CPU
		{FFB50591-D255-4944-A6AE-5D59B03BE35C}.Debug|iPhoneSimulator.Deploy.0 = Debug|Any CPU
		{FFB50591-D255-4944-A6AE-5D59B03BE35C}.Debug|x64.ActiveCfg = Debug|x64
		{FFB50591-D255-4944-A6AE-5D59B03BE35C}.Debug|x64.Build.0 = Debug|x64
		{FFB50591-D255-4944-A6AE-5D59B03BE35C}.Debug|x64.Deploy.0 = Debug|x64
		{FFB50591-D255-4944-A6AE-5D59B03BE35C}.Debug|x86.ActiveCfg = Debug|x86
		{FFB50591-D255-4944-A6AE-5D59B03BE35C}.Debug|x86.Build.0 = Debug|x86
		{FFB50591-D255-4944-A6AE-5D59B03BE35C}.Debug|x86.Deploy.0 = Debug|x86
		{FFB50591-D255-4944-A6AE-5D59B03BE35C}.Release|Any CPU.ActiveCfg = Release|Any CPU
		{FFB50591-D255-4944-A6AE-5D59B03BE35C}.Release|Any CPU.Build.0 = Release|Any CPU
		{FFB50591-D255-4944-A6AE-5D59B03BE35C}.Release|Any CPU.Deploy.0 = Release|Any CPU
		{FFB50591-D255-4944-A6AE-5D59B03BE35C}.Release|ARM.ActiveCfg = Release|ARM
		{FFB50591-D255-4944-A6AE-5D59B03BE35C}.Release|ARM.Build.0 = Release|ARM
		{FFB50591-D255-4944-A6AE-5D59B03BE35C}.Release|ARM.Deploy.0 = Release|ARM
		{FFB50591-D255-4944-A6AE-5D59B03BE35C}.Release|iPhone.ActiveCfg = Release|Any CPU
		{FFB50591-D255-4944-A6AE-5D59B03BE35C}.Release|iPhone.Build.0 = Release|Any CPU
		{FFB50591-D255-4944-A6AE-5D59B03BE35C}.Release|iPhone.Deploy.0 = Release|Any CPU
		{FFB50591-D255-4944-A6AE-5D59B03BE35C}.Release|iPhoneSimulator.ActiveCfg = Release|Any CPU
		{FFB50591-D255-4944-A6AE-5D59B03BE35C}.Release|iPhoneSimulator.Build.0 = Release|Any CPU
		{FFB50591-D255-4944-A6AE-5D59B03BE35C}.Release|iPhoneSimulator.Deploy.0 = Release|Any CPU
		{FFB50591-D255-4944-A6AE-5D59B03BE35C}.Release|x64.ActiveCfg = Release|x64
		{FFB50591-D255-4944-A6AE-5D59B03BE35C}.Release|x64.Build.0 = Release|x64
		{FFB50591-D255-4944-A6AE-5D59B03BE35C}.Release|x64.Deploy.0 = Release|x64
		{FFB50591-D255-4944-A6AE-5D59B03BE35C}.Release|x86.ActiveCfg = Release|x86
		{FFB50591-D255-4944-A6AE-5D59B03BE35C}.Release|x86.Build.0 = Release|x86
		{FFB50591-D255-4944-A6AE-5D59B03BE35C}.Release|x86.Deploy.0 = Release|x86
	EndGlobalSection
	GlobalSection(SolutionProperties) = preSolution
		HideSolutionNode = FALSE
	EndGlobalSection
EndGlobal
